
Microsoft Visual Studio Solution File, Format Version 12.00
# Visual Studio Version 16
VisualStudioVersion = 16.0.29728.190
MinimumVisualStudioVersion = 10.0.40219.1
Project("{FAE04EC0-301F-11D3-BF4B-00C04F79EFBC}") = "cl_efcore_first", "cl_efcore_first\cl_efcore_first.csproj", "{EF1CC799-3018-4582-8EB5-0CC10CBD50E5}"
EndProject
Project("{FAE04EC0-301F-11D3-BF4B-00C04F79EFBC}") = "cl_efcore_first_test", "cl_efcore_first_test\cl_efcore_first_test.csproj", "{64F460F9-6EBA-4D94-999C-75501136C0EB}"
EndProject
Global
	GlobalSection(SolutionConfigurationPlatforms) = preSolution
		Debug|Any CPU = Debug|Any CPU
		Release|Any CPU = Release|Any CPU
	EndGlobalSection
	GlobalSection(ProjectConfigurationPlatforms) = postSolution
		{EF1CC799-3018-4582-8EB5-0CC10CBD50E5}.Debug|Any CPU.ActiveCfg = Debug|Any CPU
		{EF1CC799-3018-4582-8EB5-0CC10CBD50E5}.Debug|Any CPU.Build.0 = Debug|Any CPU
		{EF1CC799-3018-4582-8EB5-0CC10CBD50E5}.Release|Any CPU.ActiveCfg = Release|Any CPU
		{EF1CC799-3018-4582-8EB5-0CC10CBD50E5}.Release|Any CPU.Build.0 = Release|Any CPU
		{64F460F9-6EBA-4D94-999C-75501136C0EB}.Debug|Any CPU.ActiveCfg = Debug|Any CPU
		{64F460F9-6EBA-4D94-999C-75501136C0EB}.Debug|Any CPU.Build.0 = Debug|Any CPU
		{64F460F9-6EBA-4D94-999C-75501136C0EB}.Release|Any CPU.ActiveCfg = Release|Any CPU
		{64F460F9-6EBA-4D94-999C-75501136C0EB}.Release|Any CPU.Build.0 = Release|Any CPU
	EndGlobalSection
	GlobalSection(SolutionProperties) = preSolution
		HideSolutionNode = FALSE
	EndGlobalSection
	GlobalSection(ExtensibilityGlobals) = postSolution
		SolutionGuid = {DBACDFCB-B900-4496-957E-83EC87B75666}
	EndGlobalSection
EndGlobal
